# THIS IS AN AUTOGENERATED FILE. DO NOT EDIT THIS FILE DIRECTLY.
# yarn lockfile v1


"@prettier/plugin-php@^0.22.2":
  version "0.22.2"
  resolved "https://registry.yarnpkg.com/@prettier/plugin-php/-/plugin-php-0.22.2.tgz#9a575f7f53ce102d72bb17fa0bd6580f1618bbd9"
  integrity sha512-md0+7tNbsP0oy+wIP3KZZc6fzx1k1jtWaMjOy/gM8yU9f2BDYEi+iHOc/UNPihYvPI28zFTbjvlhH4QXQjQwNg==
  dependencies:
    linguist-languages "^7.27.0"
    php-parser "^3.1.5"

linguist-languages@^7.27.0:
  version "7.27.0"
  resolved "https://registry.yarnpkg.com/linguist-languages/-/linguist-languages-7.27.0.tgz#bf42d6c62bd04655c8f60ed2f77a84eaeae4023a"
  integrity sha512-Wzx/22c5Jsv2ag+uKy+ITanGA5hzvBZngrNGDXLTC7ZjGM6FLCYGgomauTkxNJeP9of353OM0pWqngYA180xgw==

php-parser@^3.1.5:
  version "3.2.1"
  resolved "https://registry.yarnpkg.com/php-parser/-/php-parser-3.2.1.tgz#960916dc03e4979a59435f9dd9eb03f2e86d8126"
  integrity sha512-WT5AMqe39ZdqAxp9Yp7uR6e3clBWlT1dxHHs49GmnDx2d+975NEiLSVy2tRGLdSC9tgdQOLiN1Yz54g1d2cZDQ==

prettier@^3.4.2:
  version "3.4.2"
  resolved "https://registry.yarnpkg.com/prettier/-/prettier-3.4.2.tgz#a5ce1fb522a588bf2b78ca44c6e6fe5aa5a2b13f"
  integrity sha512-e9MewbtFo+Fevyuxn/4rrcDAaq0IYxPGLvObpQjiZBMAzB9IGmzlnG9RZy3FFas+eBMu2vA0CszMeduow5dIuQ==
